
Microsoft Visual Studio Solution File, Format Version 12.00
# Visual Studio Version 16
VisualStudioVersion = 16.0.29306.81
MinimumVisualStudioVersion = 10.0.40219.1
Project("{FAE04EC0-301F-11D3-BF4B-00C04F79EFBC}") = "ShootR", "ShootR\ShootR.csproj", "{2FCC3FA2-0A13-4443-BB18-0A89F4F6E9A8}"
EndProject
Global
	GlobalSection(SolutionConfigurationPlatforms) = preSolution
		Debug|Any CPU = Debug|Any CPU
		Release|Any CPU = Release|Any CPU
	EndGlobalSection
	GlobalSection(ProjectConfigurationPlatforms) = postSolution
		{2FCC3FA2-0A13-4443-BB18-0A89F4F6E9A8}.Debug|Any CPU.ActiveCfg = Debug|Any CPU
		{2FCC3FA2-0A13-4443-BB18-0A89F4F6E9A8}.Debug|Any CPU.Build.0 = Debug|Any CPU
		{2FCC3FA2-0A13-4443-BB18-0A89F4F6E9A8}.Release|Any CPU.ActiveCfg = Release|Any CPU
		{2FCC3FA2-0A13-4443-BB18-0A89F4F6E9A8}.Release|Any CPU.Build.0 = Release|Any CPU
	EndGlobalSection
	GlobalSection(SolutionProperties) = preSolution
		HideSolutionNode = FALSE
	EndGlobalSection
	GlobalSection(ExtensibilityGlobals) = postSolution
		SolutionGuid = {B55B7020-D133-4A36-9EC4-3D426E21F480}
	EndGlobalSection
EndGlobal
